name: Run a recent full block in the Hardhat Network

on:
  schedule:
    - cron: "0 */8 * * *"
  workflow_dispatch:

jobs:
  test-recent-mainnet-block:
    name: Test recent mainnet block
    runs-on: ubuntu-24.04
    steps:
      - uses: actions/checkout@df4cb1c069e1874edd31b4311f1884172cec0e10 # v6.0.3
        with:
          persist-credentials: false

      - uses: ./.github/actions/setup-rust

      - name: Cache EDR RPC cache
        uses: actions/cache@27d5ce7f107fe9357f9df03efb73ab90386fccae # v5.0.5
        with:
          path: |
            **/edr-cache
          key: test-recent-mainnet-block-rpc-cache-v1

      - run: cargo replay-block -u ${{ secrets.ALCHEMY_URL }} -c l1

      - name: Notify failures
        if: failure()
        uses: slackapi/slack-github-action@45a88b9581bfab2566dc881e2cd66d334e621e2c # v3.0.3
        with:
          webhook: ${{ secrets.GH_ACTION_NOTIFICATIONS_SLACK_WEBHOOK_URL }}
          webhook-type: webhook-trigger
          payload: |
            {
              "workflow_name": "${{ github.workflow }}",
              "run_url": "${{ github.server_url }}/${{ github.repository }}/actions/runs/${{ github.run_id }}"
            }
