name: Run a recent full OP block in the Hardhat Network

on:
  schedule:
    - cron: "0 */8 * * *"
  workflow_dispatch:

jobs:
  test-recent-op-block:
    name: Test recent OP block (${{ matrix.network }})
    runs-on: ubuntu-latest
    strategy:
      fail-fast: false
      matrix:
        network: [opt-mainnet, base-mainnet]
    steps:
      - uses: actions/checkout@v4
        with:
          ref: feat/multichain

      - uses: ./.github/actions/setup-rust

      - name: Cache EDR RPC cache
        uses: actions/cache@v4
        with:
          path: |
            **/edr-cache
          key: test-recent-${{ matrix.network }}-block-rpc-cache-v1

      - run: |
          BASE_ALCHEMY_URL="${{ secrets.ALCHEMY_URL }}"
          ALCHEMY_URL="${BASE_ALCHEMY_URL//eth-mainnet/${{ matrix.network }}}"
          cargo replay-block -u "$ALCHEMY_URL" -c op

      - name: Notify failures
        if: failure()
        uses: slackapi/slack-github-action@v1.18.0
        with:
          payload: |
            {
              "workflow_name": "${{ github.workflow }} (${{ matrix.network }})",
              "run_url": "${{ github.server_url }}/${{ github.repository }}/actions/runs/${{ github.run_id }}"
            }
        env:
          SLACK_WEBHOOK_URL: ${{ secrets.GH_ACTION_NOTIFICATIONS_SLACK_WEBHOOK_URL }}
